
Microsoft Visual Studio Solution File, Format Version 12.00
# Visual Studio Version 17
VisualStudioVersion = 17.7.34221.43
MinimumVisualStudioVersion = 10.0.40219.1
Project("{FAE04EC0-301F-11D3-BF4B-00C04F79EFBC}") = "ProjectBackEnd", "ProjectBackEnd\ProjectBackEnd.csproj", "{A2993072-60E7-45E9-89E6-8A46F842D24A}"
EndProject
Project("{FAE04EC0-301F-11D3-BF4B-00C04F79EFBC}") = "DomainLayer", "DomainLayer\DomainLayer.csproj", "{846D3BDE-5FE9-4D5B-A4D7-6DD872250488}"
EndProject
Project("{FAE04EC0-301F-11D3-BF4B-00C04F79EFBC}") = "RepositoryLayer", "RepositoryLayer\RepositoryLayer.csproj", "{A6DA484F-1DB3-4014-B4C3-A22CC5DCC058}"
EndProject
Project("{FAE04EC0-301F-11D3-BF4B-00C04F79EFBC}") = "ServiceLayer", "ServiceLayer\ServiceLayer.csproj", "{7812D205-412A-4D73-892D-F18350A7B9CC}"
EndProject
Global
	GlobalSection(SolutionConfigurationPlatforms) = preSolution
		Debug|Any CPU = Debug|Any CPU
		Release|Any CPU = Release|Any CPU
	EndGlobalSection
	GlobalSection(ProjectConfigurationPlatforms) = postSolution
		{A2993072-60E7-45E9-89E6-8A46F842D24A}.Debug|Any CPU.ActiveCfg = Debug|Any CPU
		{A2993072-60E7-45E9-89E6-8A46F842D24A}.Debug|Any CPU.Build.0 = Debug|Any CPU
		{A2993072-60E7-45E9-89E6-8A46F842D24A}.Release|Any CPU.ActiveCfg = Release|Any CPU
		{A2993072-60E7-45E9-89E6-8A46F842D24A}.Release|Any CPU.Build.0 = Release|Any CPU
		{846D3BDE-5FE9-4D5B-A4D7-6DD872250488}.Debug|Any CPU.ActiveCfg = Debug|Any CPU
		{846D3BDE-5FE9-4D5B-A4D7-6DD872250488}.Debug|Any CPU.Build.0 = Debug|Any CPU
		{846D3BDE-5FE9-4D5B-A4D7-6DD872250488}.Release|Any CPU.ActiveCfg = Release|Any CPU
		{846D3BDE-5FE9-4D5B-A4D7-6DD872250488}.Release|Any CPU.Build.0 = Release|Any CPU
		{A6DA484F-1DB3-4014-B4C3-A22CC5DCC058}.Debug|Any CPU.ActiveCfg = Debug|Any CPU
		{A6DA484F-1DB3-4014-B4C3-A22CC5DCC058}.Debug|Any CPU.Build.0 = Debug|Any CPU
		{A6DA484F-1DB3-4014-B4C3-A22CC5DCC058}.Release|Any CPU.ActiveCfg = Release|Any CPU
		{A6DA484F-1DB3-4014-B4C3-A22CC5DCC058}.Release|Any CPU.Build.0 = Release|Any CPU
		{7812D205-412A-4D73-892D-F18350A7B9CC}.Debug|Any CPU.ActiveCfg = Debug|Any CPU
		{7812D205-412A-4D73-892D-F18350A7B9CC}.Debug|Any CPU.Build.0 = Debug|Any CPU
		{7812D205-412A-4D73-892D-F18350A7B9CC}.Release|Any CPU.ActiveCfg = Release|Any CPU
		{7812D205-412A-4D73-892D-F18350A7B9CC}.Release|Any CPU.Build.0 = Release|Any CPU
	EndGlobalSection
	GlobalSection(SolutionProperties) = preSolution
		HideSolutionNode = FALSE
	EndGlobalSection
	GlobalSection(ExtensibilityGlobals) = postSolution
		SolutionGuid = {61473A62-CAA6-44A8-8651-952DF4208A43}
	EndGlobalSection
EndGlobal
